{
  "name": "db",
  "lockfileVersion": 2,
  "requires": true,
  "packages": {
    "": {
      "dependencies": {
        "@db-ui/core": "^2.8.1",
        "chart.js": "^4.2.1"
      }
    },
    "node_modules/@csstools/normalize.css": {
      "version": "12.0.0",
      "resolved": "https://registry.npmjs.org/@csstools/normalize.css/-/normalize.css-12.0.0.tgz",
      "integrity": "sha512-M0qqxAcwCsIVfpFQSlGN5XjXWu8l5JDZN+fPt1LeW5SZexQTgnaEvgXAY+CeygRw0EeppWHi12JxESWiWrB0Sg=="
    },
    "node_modules/@db-ui/base": {
      "version": "0.21.2",
      "resolved": "https://registry.npmjs.org/@db-ui/base/-/base-0.21.2.tgz",
      "integrity": "sha512-MS6OfCpgr3dEkWepA2UFPApw2tXXmd2snRGs3+U6sol44hIDS7U4/hUvxoVkcYSz6mPwpfCni5roCwZZyyMq2A=="
    },
    "node_modules/@db-ui/core": {
      "version": "2.8.1",
      "resolved": "https://registry.npmjs.org/@db-ui/core/-/core-2.8.1.tgz",
      "integrity": "sha512-48c8Lwy6u4nyz7Gou1rNO/fS0o2FqSq42+B2I6JOZTLdKibbWhn6l/Rh/vfxf7uMC/v4145H7yVyohlLLwZZHQ==",
      "dependencies": {
        "@csstools/normalize.css": "^12.0.0",
        "@db-ui/base": "^0.21.2"
      }
    },
    "node_modules/@kurkle/color": {
      "version": "0.3.2",
      "resolved": "https://registry.npmjs.org/@kurkle/color/-/color-0.3.2.tgz",
      "integrity": "sha512-fuscdXJ9G1qb7W8VdHi+IwRqij3lBkosAm4ydQtEmbY58OzHXqQhvlxqEkoz0yssNVn38bcpRWgA9PP+OGoisw=="
    },
    "node_modules/chart.js": {
      "version": "4.2.1",
      "resolved": "https://registry.npmjs.org/chart.js/-/chart.js-4.2.1.tgz",
      "integrity": "sha512-6YbpQ0nt3NovAgOzbkSSeeAQu/3za1319dPUQTXn9WcOpywM8rGKxJHrhS8V8xEkAlk8YhEfjbuAPfUyp6jIsw==",
      "dependencies": {
        "@kurkle/color": "^0.3.0"
      },
      "engines": {
        "pnpm": "^7.0.0"
      }
    }
  },
  "dependencies": {
    "@csstools/normalize.css": {
      "version": "12.0.0",
      "resolved": "https://registry.npmjs.org/@csstools/normalize.css/-/normalize.css-12.0.0.tgz",
      "integrity": "sha512-M0qqxAcwCsIVfpFQSlGN5XjXWu8l5JDZN+fPt1LeW5SZexQTgnaEvgXAY+CeygRw0EeppWHi12JxESWiWrB0Sg=="
    },
    "@db-ui/base": {
      "version": "0.21.2",
      "resolved": "https://registry.npmjs.org/@db-ui/base/-/base-0.21.2.tgz",
      "integrity": "sha512-MS6OfCpgr3dEkWepA2UFPApw2tXXmd2snRGs3+U6sol44hIDS7U4/hUvxoVkcYSz6mPwpfCni5roCwZZyyMq2A=="
    },
    "@db-ui/core": {
      "version": "2.8.1",
      "resolved": "https://registry.npmjs.org/@db-ui/core/-/core-2.8.1.tgz",
      "integrity": "sha512-48c8Lwy6u4nyz7Gou1rNO/fS0o2FqSq42+B2I6JOZTLdKibbWhn6l/Rh/vfxf7uMC/v4145H7yVyohlLLwZZHQ==",
      "requires": {
        "@csstools/normalize.css": "^12.0.0",
        "@db-ui/base": "^0.21.2"
      }
    },
    "@kurkle/color": {
      "version": "0.3.2",
      "resolved": "https://registry.npmjs.org/@kurkle/color/-/color-0.3.2.tgz",
      "integrity": "sha512-fuscdXJ9G1qb7W8VdHi+IwRqij3lBkosAm4ydQtEmbY58OzHXqQhvlxqEkoz0yssNVn38bcpRWgA9PP+OGoisw=="
    },
    "chart.js": {
      "version": "4.2.1",
      "resolved": "https://registry.npmjs.org/chart.js/-/chart.js-4.2.1.tgz",
      "integrity": "sha512-6YbpQ0nt3NovAgOzbkSSeeAQu/3za1319dPUQTXn9WcOpywM8rGKxJHrhS8V8xEkAlk8YhEfjbuAPfUyp6jIsw==",
      "requires": {
        "@kurkle/color": "^0.3.0"
      }
    }
  }
}
